dependencies:
- name: kube-prometheus-stack
  repository: https://prometheus-community.github.io/helm-charts
  version: 85.2.0
- name: rustfs
  repository: https://charts.rustfs.com/
  version: 0.6.0
digest: sha256:9c2988070b3ee15fd973abc35b109882534f0d14580cb1fe03f20808ef5ca755
generated: "2026-05-29T20:27:25.915463743Z"
