dependencies:
- name: kube-prometheus-stack
  repository: https://prometheus-community.github.io/helm-charts
  version: 85.2.0
- name: rustfs
  repository: https://charts.rustfs.com/
  version: 1.0.0
digest: sha256:82fe2bf85d040dd73ba03cb395e4cc186756fd8356ab22bb05cbbfdc982d6f22
generated: "2026-09-16T10:57:13.555391242Z"
