dependencies:
- name: kube-prometheus-stack
  repository: https://prometheus-community.github.io/helm-charts
  version: 90.0.0
- name: rustfs
  repository: https://charts.rustfs.com/
  version: 0.3.0
digest: sha256:4f24ddf6d00caf218370e2195b2276f015b50f2ba9eb90f366bbb36c1608f2bc
generated: "2026-09-07T03:10:19.00926424Z"
